
Microsoft Visual Studio Solution File, Format Version 12.00
# Visual Studio Version 17
VisualStudioVersion = 17.9.34622.214
MinimumVisualStudioVersion = 10.0.40219.1
Project("{FAE04EC0-301F-11D3-BF4B-00C04F79EFBC}") = "ReadNumbers", "ReadNumbers.csproj", "{F275A2E4-0B29-45BB-BBDC-708E2AD6D975}"
EndProject
Global
	GlobalSection(SolutionConfigurationPlatforms) = preSolution
		Debug|Any CPU = Debug|Any CPU
		Release|Any CPU = Release|Any CPU
	EndGlobalSection
	GlobalSection(ProjectConfigurationPlatforms) = postSolution
		{F275A2E4-0B29-45BB-BBDC-708E2AD6D975}.Debug|Any CPU.ActiveCfg = Debug|Any CPU
		{F275A2E4-0B29-45BB-BBDC-708E2AD6D975}.Debug|Any CPU.Build.0 = Debug|Any CPU
		{F275A2E4-0B29-45BB-BBDC-708E2AD6D975}.Release|Any CPU.ActiveCfg = Release|Any CPU
		{F275A2E4-0B29-45BB-BBDC-708E2AD6D975}.Release|Any CPU.Build.0 = Release|Any CPU
	EndGlobalSection
	GlobalSection(SolutionProperties) = preSolution
		HideSolutionNode = FALSE
	EndGlobalSection
	GlobalSection(ExtensibilityGlobals) = postSolution
		SolutionGuid = {54A7B1B6-5928-42D7-BF43-8C516EB2B349}
	EndGlobalSection
EndGlobal
